
Microsoft Visual Studio Solution File, Format Version 12.00
# Visual Studio Version 17
VisualStudioVersion = 17.11.35327.3
MinimumVisualStudioVersion = 10.0.40219.1
Project("{FAE04EC0-301F-11D3-BF4B-00C04F79EFBC}") = "ProjectCardPark", "ProjectCardPark\ProjectCardPark.csproj", "{7BEBC6D1-A8B7-4ED0-9723-9469DD8F45AD}"
EndProject
Global
	GlobalSection(SolutionConfigurationPlatforms) = preSolution
		Debug|Any CPU = Debug|Any CPU
		Release|Any CPU = Release|Any CPU
	EndGlobalSection
	GlobalSection(ProjectConfigurationPlatforms) = postSolution
		{7BEBC6D1-A8B7-4ED0-9723-9469DD8F45AD}.Debug|Any CPU.ActiveCfg = Debug|Any CPU
		{7BEBC6D1-A8B7-4ED0-9723-9469DD8F45AD}.Debug|Any CPU.Build.0 = Debug|Any CPU
		{7BEBC6D1-A8B7-4ED0-9723-9469DD8F45AD}.Release|Any CPU.ActiveCfg = Release|Any CPU
		{7BEBC6D1-A8B7-4ED0-9723-9469DD8F45AD}.Release|Any CPU.Build.0 = Release|Any CPU
	EndGlobalSection
	GlobalSection(SolutionProperties) = preSolution
		HideSolutionNode = FALSE
	EndGlobalSection
	GlobalSection(ExtensibilityGlobals) = postSolution
		SolutionGuid = {6E974BA8-0136-4442-99AE-C70E1F2ECC2B}
	EndGlobalSection
EndGlobal
